
Microsoft Visual Studio Solution File, Format Version 12.00
# Visual Studio Version 17
VisualStudioVersion = 17.11.35303.130
MinimumVisualStudioVersion = 10.0.40219.1
Project("{FAE04EC0-301F-11D3-BF4B-00C04F79EFBC}") = "Final", "Final\Final.csproj", "{FF8500D6-A471-4CBF-978E-B0F759CDF6BD}"
EndProject
Global
	GlobalSection(SolutionConfigurationPlatforms) = preSolution
		Debug|Any CPU = Debug|Any CPU
		Release|Any CPU = Release|Any CPU
	EndGlobalSection
	GlobalSection(ProjectConfigurationPlatforms) = postSolution
		{FF8500D6-A471-4CBF-978E-B0F759CDF6BD}.Debug|Any CPU.ActiveCfg = Debug|Any CPU
		{FF8500D6-A471-4CBF-978E-B0F759CDF6BD}.Debug|Any CPU.Build.0 = Debug|Any CPU
		{FF8500D6-A471-4CBF-978E-B0F759CDF6BD}.Release|Any CPU.ActiveCfg = Release|Any CPU
		{FF8500D6-A471-4CBF-978E-B0F759CDF6BD}.Release|Any CPU.Build.0 = Release|Any CPU
	EndGlobalSection
	GlobalSection(SolutionProperties) = preSolution
		HideSolutionNode = FALSE
	EndGlobalSection
	GlobalSection(ExtensibilityGlobals) = postSolution
		SolutionGuid = {CBAD1A6D-EDC0-4068-92AF-9D0CD9A28B7A}
	EndGlobalSection
EndGlobal
